# DO NOT EDIT MANUALLY - Managed by Fern Replay
version: "1.0"
generations:
  - commit_sha: 917463f2971a5f968245b7a047dc90b92c06b35e
    tree_hash: 9a1034278f7751c780fa12bedbc7a4590188a80d
    timestamp: 2026-05-25T13:40:43.149Z
    cli_version: unknown
    generator_versions: {}
current_generation: 917463f2971a5f968245b7a047dc90b92c06b35e
patches: []
