# DO NOT EDIT MANUALLY - Managed by Fern Replay
version: "1.0"
generations:
  - commit_sha: 917463f2971a5f968245b7a047dc90b92c06b35e
    tree_hash: 9a1034278f7751c780fa12bedbc7a4590188a80d
    timestamp: 2026-05-25T19:08:58.213Z
    cli_version: unknown
    generator_versions: {}
  - commit_sha: 4b7cb30fa3d30f8e9a7d8f0f44f36e9e1dd01e4b
    tree_hash: 82d43705bf039a0984d4c61dc6086e39f2729575
    timestamp: 2026-06-06T15:30:13.098Z
    cli_version: unknown
    generator_versions:
      fernapi/fern-java-sdk: 4.9.1
  - commit_sha: b2d105e8bbda092e084020c898084665c254055a
    tree_hash: a0b4d9b3cd407a766b0c70b3e3fba5e5d03a5c5e
    timestamp: 2026-07-09T20:19:21.517Z
    cli_version: unknown
    generator_versions:
      fernapi/fern-java-sdk: 4.12.0
  - commit_sha: 658655015d88b754e44ac692d380cef3f5361e2c
    tree_hash: c1d7486cf2b69dd3cea25266e4a528caae4b7586
    timestamp: 2026-07-10T15:39:10.991Z
    cli_version: unknown
    generator_versions:
      fernapi/fern-java-sdk: 4.12.0
  - commit_sha: 4ef83d1837ecb6d2b269b73f0258a623bac437ec
    tree_hash: 77e4f322accea3dcfc93f92edb2e543840255b27
    timestamp: 2026-07-10T20:48:18.997Z
    cli_version: unknown
    generator_versions:
      fernapi/fern-java-sdk: 4.13.0
  - commit_sha: ad8f1c18af911a38c62271b6dacd4a5c5eb103a0
    tree_hash: e875795c367ec309621988f389f9d86771dda00d
    timestamp: 2026-07-11T11:46:21.984Z
    cli_version: unknown
    generator_versions:
      fernapi/fern-java-sdk: 4.13.2
  - commit_sha: 3dbfea4ecf1a36feb162191191e0ffd4a4da9c6e
    tree_hash: a0332116fadf4cf87dcda783acf07332ba497275
    timestamp: 2026-07-28T15:33:41.459Z
    cli_version: unknown
    generator_versions:
      fernapi/fern-java-sdk: 4.13.2
  - commit_sha: d10aa649b7ed4d7c2a663fec9c85d3b6399844ea
    tree_hash: 47e30c0cb266f69aaa4ad83f30897699ae22dbcd
    timestamp: 2026-07-29T17:12:26.152Z
    cli_version: unknown
    generator_versions:
      fernapi/fern-java-sdk: 4.13.2
  - commit_sha: 7f8200ef8a377faa1d6634804088b6afff88dfc1
    tree_hash: f787a9805ba1fdea6a9689fd2693050044298a95
    timestamp: 2026-08-21T13:26:48.800Z
    cli_version: unknown
    generator_versions:
      fernapi/fern-java-sdk: 4.13.2
  - commit_sha: e743e331b3b219f1972228ba812e6f2323f73c74
    tree_hash: 8eba332ac0d6e93e37f782392f86c1da3d250644
    timestamp: 2026-08-24T14:27:51.648Z
    cli_version: unknown
    generator_versions:
      fernapi/fern-java-sdk: 4.13.2
  - commit_sha: 4258b268221e8a5a749caef1d27a3736460088e1
    tree_hash: 639972ef8b35d003e0ce4226cd0470e4ff97da9f
    timestamp: 2026-08-26T17:10:45.357Z
    cli_version: unknown
    generator_versions:
      fernapi/fern-java-sdk: 4.13.2
  - commit_sha: d4c19572d2b087b31ef30ccb6a8837d91549d7de
    tree_hash: b721e7adb8df55b00b5c9ad534047ef4d5f86692
    timestamp: 2026-09-04T16:37:28.503Z
    cli_version: unknown
    generator_versions:
      fernapi/fern-java-sdk: 4.13.2
current_generation: d4c19572d2b087b31ef30ccb6a8837d91549d7de
patches: []
