# DO NOT EDIT MANUALLY - Managed by Fern Replay
version: "1.0"
generations:
  - commit_sha: 917463f2971a5f968245b7a047dc90b92c06b35e
    tree_hash: 9a1034278f7751c780fa12bedbc7a4590188a80d
    timestamp: 2026-05-25T19:08:58.213Z
    cli_version: unknown
    generator_versions: {}
  - commit_sha: 4b7cb30fa3d30f8e9a7d8f0f44f36e9e1dd01e4b
    tree_hash: 82d43705bf039a0984d4c61dc6086e39f2729575
    timestamp: 2026-06-06T15:30:13.098Z
    cli_version: unknown
    generator_versions:
      fernapi/fern-java-sdk: 4.9.1
  - commit_sha: b2d105e8bbda092e084020c898084665c254055a
    tree_hash: a0b4d9b3cd407a766b0c70b3e3fba5e5d03a5c5e
    timestamp: 2026-07-09T20:19:21.517Z
    cli_version: unknown
    generator_versions:
      fernapi/fern-java-sdk: 4.12.0
current_generation: b2d105e8bbda092e084020c898084665c254055a
patches: []
